# This file is autogenerated, do not edit; changes may be undone by the next 'dep ensure'.


[[projects]]
  branch = "master"
  name = "github.com/beldur/kraken-go-api-client"
  packages = ["."]
  revision = "8d016ed55540af48a37d20c9954c71a7d12ad97b"

[solve-meta]
  analyzer-name = "dep"
  analyzer-version = 1
  inputs-digest = "422041131d6c54861d24db492f3fbb21492feee93f5dbb3970a4cfd9ec33f508"
  solver-name = "gps-cdcl"
  solver-version = 1
