github.com/golang/protobuf v0.0.0-20170726212829-748d386b5c1e h1:lDgkE81VC1S0yetyGVVGW923ICSIlj6zVU/WaOd9QJ0=
github.com/golang/protobuf v0.0.0-20170726212829-748d386b5c1e/go.mod h1:6lQm79b+lXiMfvg/cZm0SGofjICqVBUtrP5yJMmIC1U=
golang.org/x/net v0.11.0 h1:Gi2tvZIJyBtO9SDr1q9h5hEQCp/4L2RQ+ar0qjx2oNU=
golang.org/x/net v0.11.0/go.mod h1:2L/ixqYpgIVXmeoSA/4Lu7BzTG4KIyPIryS4IsOd1oQ=
golang.org/x/sync v0.0.0-20220601150217-0de741cfad7f h1:Ax0t5p6N38Ga0dThY21weqDEyz2oklo4IvDkpigvkD8=
golang.org/x/sync v0.0.0-20220601150217-0de741cfad7f/go.mod h1:RxMgew5VJxzue5/jJTE5uejpjVlOe/izrB70Jof72aM=
golang.org/x/text v0.10.0 h1:UpjohKhiEgNc0CSauXmwYftY1+LlaC75SJwh0SgCX58=
golang.org/x/text v0.10.0/go.mod h1:TvPlkZtksWOMsz7fbANvkp4WM8x/WCo/om8BMLbz+aE=
google.golang.org/genproto v0.0.0-20170711235230-b0a3dcfcd1a9 h1:wxGvmadi0ZZjsFJf3uyqRb1Eg4Jawj4ofWGwW09gfds=
google.golang.org/genproto v0.0.0-20170711235230-b0a3dcfcd1a9/go.mod h1:JiN7NxoALGmiZfu7CAH4rXhgtRTLTxftemlI0sWmxmc=
google.golang.org/grpc v1.5.1 h1:pDBahoEyjFOjJByiWlcl8lTzj3bqilmVSuaSv4ug0nk=
google.golang.org/grpc v1.5.1/go.mod h1:yo6s7OP7yaDglbqo1J04qKzAhqBH6lvTonzMVmEdcZw=
hkjn.me/hkjninfra v0.0.0-20171204152918-fb6b40119bb9 h1:SEUFDVEfqUo/Y9L3qFy9FDA6V8Gs69KjrsDCfrwm9Jo=
hkjn.me/hkjninfra v0.0.0-20171204152918-fb6b40119bb9/go.mod h1:Jygmq3/DUamW6ZgzNvCWn9Iwpro+ZqGLKCxmeC5+6Ts=
